<?xml version="1.0"?>
<CONFIG>
  <ProjectOptions>
    <Version Value="9"/>
    <General>
      <MainUnit Value="0"/>
      <Title Value="Golfml CourseWriter"/>
      <ResourceType Value="res"/>
      <UseXPManifest Value="True"/>
      <XPManifest>
        <DpiAware Value="True"/>
      </XPManifest>
      <Icon Value="0"/>
      <ActiveWindowIndexAtStart Value="0"/>
    </General>
    <i18n>
      <EnableI18N LFM="False"/>
    </i18n>
    <VersionInfo>
      <UseVersionInfo Value="True"/>
      <AutoIncrementBuild Value="True"/>
      <MajorVersionNr Value="2"/>
      <MinorVersionNr Value="3"/>
      <BuildNr Value="44"/>
      <StringTable CompanyName="minesadorada@charcodelvalle.com" FileDescription="golfm course writer and editor" InternalName="golfmlcoursewriter{OSVERSION}" OriginalFilename="golfmlcoursewriter" ProductVersion=""/>
    </VersionInfo>
    <BuildModes Count="2" Active="Retail">
      <Item1 Name="DEBUG" Default="True"/>
      <Item2 Name="Retail">
        <CompilerOptions>
          <Version Value="9"/>
          <Target>
            <Filename Value="golfmlcoursewriterwin64"/>
          </Target>
          <SearchPaths>
            <IncludeFiles Value="$(ProjOutDir)"/>
            <UnitOutputDirectory Value="lib/$(TargetCPU)-$(TargetOS)"/>
          </SearchPaths>
          <CodeGeneration>
            <SmartLinkUnit Value="True"/>
            <SmallerCode Value="True"/>
            <TargetCPU Value="x86_64"/>
            <TargetOS Value="win64"/>
            <Optimizations>
              <OptimizationLevel Value="3"/>
            </Optimizations>
          </CodeGeneration>
          <Linking>
            <Debugging>
              <UseLineInfoUnit Value="False"/>
              <StripSymbols Value="True"/>
            </Debugging>
            <LinkSmart Value="True"/>
            <Options>
              <Win32>
                <GraphicApplication Value="True"/>
              </Win32>
            </Options>
          </Linking>
          <Other>
            <Verbosity>
              <ShowErrors Value="False"/>
              <ShowWarn Value="False"/>
              <ShowNotes Value="False"/>
              <ShowHints Value="False"/>
              <ShowGenInfo Value="False"/>
              <ShowSummary Value="True"/>
            </Verbosity>
            <WriteFPCLogo Value="False"/>
            <CompilerMessages>
              <UseMsgFile Value="True"/>
            </CompilerMessages>
            <CompilerPath Value="$(CompPath)"/>
          </Other>
        </CompilerOptions>
      </Item2>
    </BuildModes>
    <PublishOptions>
      <Version Value="2"/>
      <DestinationDirectory Value="C:/lazarus/golfml-read-only/golfml/golfml/coursewriter/source"/>
      <IncludeFileFilter Value="*.(pas|pp|inc|lfm|lpr|lrs|lpi|lpk|sh|xml)"/>
      <ExcludeFileFilter Value="*.(bak|ppu|o|so);*~;backup"/>
    </PublishOptions>
    <RunParams>
      <local>
        <FormatVersion Value="1"/>
        <LaunchingApplication PathPlusParams="/usr/bin/xterm -T 'Lazarus Run Output' -e $(LazarusDir)/tools/runwait.sh $(TargetCmdLine)"/>
      </local>
    </RunParams>
    <RequiredPackages Count="3">
      <Item1>
        <PackageName Value="SynEdit"/>
        <MinVersion Major="1" Valid="True"/>
      </Item1>
      <Item2>
        <PackageName Value="FCL"/>
        <MinVersion Major="1" Valid="True"/>
      </Item2>
      <Item3>
        <PackageName Value="LCL"/>
      </Item3>
    </RequiredPackages>
    <Units Count="5">
      <Unit0>
        <Filename Value="golfmlwriterwin64.lpr"/>
        <IsPartOfProject Value="True"/>
        <UnitName Value="golfmlwriterwin64"/>
        <EditorIndex Value="0"/>
        <WindowIndex Value="0"/>
        <TopLine Value="1"/>
        <CursorPos X="5" Y="15"/>
        <UsageCount Value="28"/>
        <Loaded Value="True"/>
      </Unit0>
      <Unit1>
        <Filename Value="umainform.pas"/>
        <IsPartOfProject Value="True"/>
        <ComponentName Value="mainform"/>
        <ResourceBaseClass Value="Form"/>
        <UnitName Value="umainform"/>
        <EditorIndex Value="3"/>
        <WindowIndex Value="0"/>
        <TopLine Value="1152"/>
        <CursorPos X="107" Y="1203"/>
        <FoldState Value=" T7i4E}8 T3mI0D1 pidjD0}* p0+g0g01A14 pjDrG05]9;D;T0{U]el1nS0Z3 pkDlD0Mf"/>
        <UsageCount Value="28"/>
        <Loaded Value="True"/>
        <LoadedDesigner Value="True"/>
      </Unit1>
      <Unit2>
        <Filename Value="ugolfmlwriter_globals.pas"/>
        <IsPartOfProject Value="True"/>
        <UnitName Value="ugolfmlwriter_globals"/>
        <IsVisibleTab Value="True"/>
        <EditorIndex Value="2"/>
        <WindowIndex Value="0"/>
        <TopLine Value="1"/>
        <CursorPos X="11" Y="14"/>
        <UsageCount Value="28"/>
        <Loaded Value="True"/>
      </Unit2>
      <Unit3>
        <Filename Value="ugolfmlclass.pas"/>
        <IsPartOfProject Value="True"/>
        <UnitName Value="ugolfmlclass"/>
        <EditorIndex Value="1"/>
        <WindowIndex Value="0"/>
        <TopLine Value="1"/>
        <CursorPos X="31" Y="27"/>
        <UsageCount Value="28"/>
        <Loaded Value="True"/>
      </Unit3>
      <Unit4>
        <Filename Value="uwaitform.pas"/>
        <IsPartOfProject Value="True"/>
        <ComponentName Value="waitform"/>
        <HasResources Value="True"/>
        <ResourceBaseClass Value="Form"/>
        <UnitName Value="uwaitform"/>
        <EditorIndex Value="4"/>
        <WindowIndex Value="0"/>
        <TopLine Value="1"/>
        <CursorPos X="39" Y="8"/>
        <UsageCount Value="28"/>
        <Loaded Value="True"/>
        <LoadedDesigner Value="True"/>
      </Unit4>
    </Units>
    <JumpHistory Count="30" HistoryIndex="29">
      <Position1>
        <Filename Value="umainform.pas"/>
        <Caret Line="1625" Column="53" TopLine="1590"/>
      </Position1>
      <Position2>
        <Filename Value="umainform.pas"/>
        <Caret Line="1623" Column="26" TopLine="1592"/>
      </Position2>
      <Position3>
        <Filename Value="umainform.pas"/>
        <Caret Line="1621" Column="1" TopLine="1591"/>
      </Position3>
      <Position4>
        <Filename Value="umainform.pas"/>
        <Caret Line="33" Column="73" TopLine="18"/>
      </Position4>
      <Position5>
        <Filename Value="umainform.pas"/>
        <Caret Line="26" Column="41" TopLine="1"/>
      </Position5>
      <Position6>
        <Filename Value="umainform.pas"/>
        <Caret Line="1617" Column="31" TopLine="1607"/>
      </Position6>
      <Position7>
        <Filename Value="umainform.pas"/>
        <Caret Line="1629" Column="52" TopLine="1605"/>
      </Position7>
      <Position8>
        <Filename Value="umainform.pas"/>
        <Caret Line="28" Column="48" TopLine="1"/>
      </Position8>
      <Position9>
        <Filename Value="ugolfmlclass.pas"/>
        <Caret Line="579" Column="85" TopLine="549"/>
      </Position9>
      <Position10>
        <Filename Value="ugolfmlclass.pas"/>
        <Caret Line="342" Column="1" TopLine="49"/>
      </Position10>
      <Position11>
        <Filename Value="umainform.pas"/>
        <Caret Line="26" Column="39" TopLine="1"/>
      </Position11>
      <Position12>
        <Filename Value="umainform.pas"/>
        <Caret Line="1580" Column="1" TopLine="1578"/>
      </Position12>
      <Position13>
        <Filename Value="umainform.pas"/>
        <Caret Line="1333" Column="6" TopLine="1330"/>
      </Position13>
      <Position14>
        <Filename Value="umainform.pas"/>
        <Caret Line="1334" Column="6" TopLine="1331"/>
      </Position14>
      <Position15>
        <Filename Value="umainform.pas"/>
        <Caret Line="624" Column="25" TopLine="574"/>
      </Position15>
      <Position16>
        <Filename Value="umainform.pas"/>
        <Caret Line="1" Column="12" TopLine="1"/>
      </Position16>
      <Position17>
        <Filename Value="umainform.pas"/>
        <Caret Line="275" Column="46" TopLine="240"/>
      </Position17>
      <Position18>
        <Filename Value="umainform.pas"/>
        <Caret Line="280" Column="33" TopLine="240"/>
      </Position18>
      <Position19>
        <Filename Value="umainform.pas"/>
        <Caret Line="2" Column="10" TopLine="1"/>
      </Position19>
      <Position20>
        <Filename Value="umainform.pas"/>
        <Caret Line="280" Column="33" TopLine="234"/>
      </Position20>
      <Position21>
        <Filename Value="umainform.pas"/>
        <Caret Line="375" Column="58" TopLine="342"/>
      </Position21>
      <Position22>
        <Filename Value="ugolfmlclass.pas"/>
        <Caret Line="1448" Column="1" TopLine="1314"/>
      </Position22>
      <Position23>
        <Filename Value="umainform.pas"/>
        <Caret Line="596" Column="22" TopLine="577"/>
      </Position23>
      <Position24>
        <Filename Value="umainform.pas"/>
        <Caret Line="599" Column="25" TopLine="576"/>
      </Position24>
      <Position25>
        <Filename Value="umainform.pas"/>
        <Caret Line="1649" Column="50" TopLine="1625"/>
      </Position25>
      <Position26>
        <Filename Value="umainform.pas"/>
        <Caret Line="1167" Column="5" TopLine="1158"/>
      </Position26>
      <Position27>
        <Filename Value="umainform.pas"/>
        <Caret Line="3103" Column="1" TopLine="1306"/>
      </Position27>
      <Position28>
        <Filename Value="umainform.pas"/>
        <Caret Line="1187" Column="89" TopLine="1142"/>
      </Position28>
      <Position29>
        <Filename Value="umainform.pas"/>
        <Caret Line="1169" Column="54" TopLine="1142"/>
      </Position29>
      <Position30>
        <Filename Value="umainform.pas"/>
        <Caret Line="1175" Column="23" TopLine="1149"/>
      </Position30>
    </JumpHistory>
  </ProjectOptions>
  <CompilerOptions>
    <Version Value="9"/>
    <Target>
      <Filename Value="golfmlcoursewriterwin64"/>
    </Target>
    <SearchPaths>
      <IncludeFiles Value="$(ProjOutDir)"/>
      <UnitOutputDirectory Value="lib/$(TargetCPU)-$(TargetOS)"/>
    </SearchPaths>
    <CodeGeneration>
      <SmartLinkUnit Value="True"/>
      <Checks>
        <IOChecks Value="True"/>
        <RangeChecks Value="True"/>
        <OverflowChecks Value="True"/>
        <StackChecks Value="True"/>
      </Checks>
      <VerifyObjMethodCallValidity Value="True"/>
      <TargetCPU Value="x86_64"/>
      <TargetOS Value="win64"/>
      <Optimizations>
        <OptimizationLevel Value="3"/>
      </Optimizations>
    </CodeGeneration>
    <Linking>
      <Debugging>
        <GenerateDebugInfo Value="True"/>
        <GenerateDwarf Value="True"/>
      </Debugging>
      <Options>
        <Win32>
          <GraphicApplication Value="True"/>
        </Win32>
      </Options>
    </Linking>
    <Other>
      <Verbosity>
        <ShoLineNum Value="True"/>
        <ShowHintsForUnusedUnitsInMainSrc Value="True"/>
      </Verbosity>
      <WriteFPCLogo Value="False"/>
      <CompilerMessages>
        <UseMsgFile Value="True"/>
      </CompilerMessages>
      <CompilerPath Value="$(CompPath)"/>
    </Other>
  </CompilerOptions>
</CONFIG>
