<?xml version="1.0"?>
<CONFIG>
  <ProjectOptions>
    <Version Value="9"/>
    <General>
      <MainUnit Value="0"/>
      <Title Value="Golfml CourseWriter"/>
      <ResourceType Value="res"/>
      <UseXPManifest Value="True"/>
      <XPManifest>
        <DpiAware Value="True"/>
      </XPManifest>
      <Icon Value="0"/>
      <ActiveWindowIndexAtStart Value="0"/>
    </General>
    <i18n>
      <EnableI18N LFM="False"/>
    </i18n>
    <VersionInfo>
      <UseVersionInfo Value="True"/>
      <AutoIncrementBuild Value="True"/>
      <MajorVersionNr Value="2"/>
      <MinorVersionNr Value="9"/>
      <BuildNr Value="49"/>
      <StringTable CompanyName="minesadorada@charcodelvalle.com" FileDescription="golfm course writer and editor" InternalName="golfmlcoursewriter{OSVERSION}" OriginalFilename="golfmlcoursewriter" ProductVersion=""/>
    </VersionInfo>
    <BuildModes Count="2" Active="Retail">
      <Item1 Name="DEBUG" Default="True"/>
      <Item2 Name="Retail">
        <CompilerOptions>
          <Version Value="11"/>
          <Target>
            <Filename Value="golfmlcoursewriterwin64"/>
          </Target>
          <SearchPaths>
            <IncludeFiles Value="$(ProjOutDir)"/>
            <UnitOutputDirectory Value="lib/$(TargetCPU)-$(TargetOS)"/>
          </SearchPaths>
          <CodeGeneration>
            <SmartLinkUnit Value="True"/>
            <SmallerCode Value="True"/>
            <TargetCPU Value="x86_64"/>
            <TargetOS Value="win64"/>
            <Optimizations>
              <OptimizationLevel Value="3"/>
            </Optimizations>
          </CodeGeneration>
          <Linking>
            <Debugging>
              <GenerateDebugInfo Value="False"/>
              <UseLineInfoUnit Value="False"/>
              <StripSymbols Value="True"/>
            </Debugging>
            <LinkSmart Value="True"/>
            <Options>
              <Win32>
                <GraphicApplication Value="True"/>
              </Win32>
            </Options>
          </Linking>
          <Other>
            <Verbosity>
              <ShowErrors Value="False"/>
              <ShowWarn Value="False"/>
              <ShowNotes Value="False"/>
              <ShowHints Value="False"/>
              <ShowGenInfo Value="False"/>
              <ShowSummary Value="True"/>
            </Verbosity>
            <WriteFPCLogo Value="False"/>
            <CompilerMessages>
              <UseMsgFile Value="True"/>
            </CompilerMessages>
            <CompilerPath Value="$(CompPath)"/>
          </Other>
        </CompilerOptions>
      </Item2>
    </BuildModes>
    <PublishOptions>
      <Version Value="2"/>
      <DestinationDirectory Value="C:/lazarus/golfml-read-only/golfml/golfml/coursewriter/source"/>
      <IncludeFileFilter Value="*.(pas|pp|inc|lfm|lpr|lrs|lpi|lpk|sh|xml)"/>
      <ExcludeFileFilter Value="*.(bak|ppu|o|so);*~;backup"/>
    </PublishOptions>
    <RunParams>
      <local>
        <FormatVersion Value="1"/>
        <LaunchingApplication PathPlusParams="/usr/bin/xterm -T 'Lazarus Run Output' -e $(LazarusDir)/tools/runwait.sh $(TargetCmdLine)"/>
      </local>
    </RunParams>
    <RequiredPackages Count="3">
      <Item1>
        <PackageName Value="SynEdit"/>
        <MinVersion Major="1" Valid="True"/>
      </Item1>
      <Item2>
        <PackageName Value="FCL"/>
        <MinVersion Major="1" Valid="True"/>
      </Item2>
      <Item3>
        <PackageName Value="LCL"/>
      </Item3>
    </RequiredPackages>
    <Units Count="7">
      <Unit0>
        <Filename Value="golfmlwriterwin64.lpr"/>
        <IsPartOfProject Value="True"/>
        <UnitName Value="golfmlwriterwin64"/>
        <EditorIndex Value="0"/>
        <WindowIndex Value="0"/>
        <TopLine Value="1"/>
        <CursorPos X="5" Y="15"/>
        <UsageCount Value="79"/>
        <Loaded Value="True"/>
      </Unit0>
      <Unit1>
        <Filename Value="umainform.pas"/>
        <IsPartOfProject Value="True"/>
        <ComponentName Value="mainform"/>
        <HasResources Value="True"/>
        <ResourceBaseClass Value="Form"/>
        <UnitName Value="umainform"/>
        <EditorIndex Value="3"/>
        <WindowIndex Value="0"/>
        <TopLine Value="3401"/>
        <CursorPos X="1" Y="3211"/>
        <UsageCount Value="79"/>
        <Bookmarks Count="2">
          <Item0 X="1" Y="3212" ID="0"/>
          <Item1 X="35" Y="620" ID="1"/>
        </Bookmarks>
        <Loaded Value="True"/>
        <LoadedDesigner Value="True"/>
      </Unit1>
      <Unit2>
        <Filename Value="ugolfmlwriter_globals.pas"/>
        <IsPartOfProject Value="True"/>
        <UnitName Value="ugolfmlwriter_globals"/>
        <IsVisibleTab Value="True"/>
        <EditorIndex Value="2"/>
        <WindowIndex Value="0"/>
        <TopLine Value="2"/>
        <CursorPos X="28" Y="18"/>
        <UsageCount Value="79"/>
        <Loaded Value="True"/>
      </Unit2>
      <Unit3>
        <Filename Value="ugolfmlclass.pas"/>
        <IsPartOfProject Value="True"/>
        <UnitName Value="ugolfmlclass"/>
        <EditorIndex Value="1"/>
        <WindowIndex Value="0"/>
        <TopLine Value="1920"/>
        <CursorPos X="1" Y="1933"/>
        <UsageCount Value="79"/>
        <Loaded Value="True"/>
      </Unit3>
      <Unit4>
        <Filename Value="uwaitform.pas"/>
        <IsPartOfProject Value="True"/>
        <ComponentName Value="waitform"/>
        <HasResources Value="True"/>
        <ResourceBaseClass Value="Form"/>
        <UnitName Value="uwaitform"/>
        <EditorIndex Value="5"/>
        <WindowIndex Value="0"/>
        <TopLine Value="1"/>
        <CursorPos X="16" Y="12"/>
        <UsageCount Value="79"/>
        <Loaded Value="True"/>
        <LoadedDesigner Value="True"/>
      </Unit4>
      <Unit5>
        <Filename Value="../../../../../lazarus32/packager/registration/registerfcl.pas"/>
        <UnitName Value="RegisterFCL"/>
        <WindowIndex Value="0"/>
        <TopLine Value="3"/>
        <CursorPos X="33" Y="15"/>
        <UsageCount Value="5"/>
      </Unit5>
      <Unit6>
        <Filename Value="ucourseteepicker.pas"/>
        <IsPartOfProject Value="True"/>
        <ComponentName Value="courseteepicker"/>
        <HasResources Value="True"/>
        <ResourceBaseClass Value="Form"/>
        <UnitName Value="ucourseteepicker"/>
        <EditorIndex Value="4"/>
        <WindowIndex Value="0"/>
        <TopLine Value="47"/>
        <CursorPos X="16" Y="95"/>
        <UsageCount Value="68"/>
        <Loaded Value="True"/>
        <LoadedDesigner Value="True"/>
      </Unit6>
    </Units>
    <JumpHistory Count="30" HistoryIndex="29">
      <Position1>
        <Filename Value="umainform.pas"/>
        <Caret Line="1167" Column="5" TopLine="1158"/>
      </Position1>
      <Position2>
        <Filename Value="umainform.pas"/>
        <Caret Line="3103" Column="1" TopLine="1306"/>
      </Position2>
      <Position3>
        <Filename Value="umainform.pas"/>
        <Caret Line="1187" Column="89" TopLine="1142"/>
      </Position3>
      <Position4>
        <Filename Value="umainform.pas"/>
        <Caret Line="1169" Column="54" TopLine="1142"/>
      </Position4>
      <Position5>
        <Filename Value="umainform.pas"/>
        <Caret Line="1175" Column="23" TopLine="1149"/>
      </Position5>
      <Position6>
        <Filename Value="umainform.pas"/>
        <Caret Line="1122" Column="51" TopLine="1106"/>
      </Position6>
      <Position7>
        <Filename Value="umainform.pas"/>
        <Caret Line="34" Column="1" TopLine="1"/>
      </Position7>
      <Position8>
        <Filename Value="ucourseteepicker.pas"/>
        <Caret Line="1" Column="1" TopLine="1"/>
      </Position8>
      <Position9>
        <Filename Value="ucourseteepicker.pas"/>
        <Caret Line="34" Column="15" TopLine="1"/>
      </Position9>
      <Position10>
        <Filename Value="ucourseteepicker.pas"/>
        <Caret Line="35" Column="7" TopLine="1"/>
      </Position10>
      <Position11>
        <Filename Value="ucourseteepicker.pas"/>
        <Caret Line="42" Column="26" TopLine="1"/>
      </Position11>
      <Position12>
        <Filename Value="ucourseteepicker.pas"/>
        <Caret Line="52" Column="70" TopLine="4"/>
      </Position12>
      <Position13>
        <Filename Value="ucourseteepicker.pas"/>
        <Caret Line="57" Column="1" TopLine="4"/>
      </Position13>
      <Position14>
        <Filename Value="ucourseteepicker.pas"/>
        <Caret Line="61" Column="62" TopLine="16"/>
      </Position14>
      <Position15>
        <Filename Value="ucourseteepicker.pas"/>
        <Caret Line="47" Column="21" TopLine="25"/>
      </Position15>
      <Position16>
        <Filename Value="ucourseteepicker.pas"/>
        <Caret Line="49" Column="1" TopLine="28"/>
      </Position16>
      <Position17>
        <Filename Value="ucourseteepicker.pas"/>
        <Caret Line="64" Column="1" TopLine="36"/>
      </Position17>
      <Position18>
        <Filename Value="ucourseteepicker.pas"/>
        <Caret Line="69" Column="1" TopLine="47"/>
      </Position18>
      <Position19>
        <Filename Value="ucourseteepicker.pas"/>
        <Caret Line="9" Column="11" TopLine="1"/>
      </Position19>
      <Position20>
        <Filename Value="ucourseteepicker.pas"/>
        <Caret Line="63" Column="62" TopLine="41"/>
      </Position20>
      <Position21>
        <Filename Value="umainform.pas"/>
        <Caret Line="1537" Column="26" TopLine="1499"/>
      </Position21>
      <Position22>
        <Filename Value="umainform.pas"/>
        <Caret Line="3025" Column="40" TopLine="3020"/>
      </Position22>
      <Position23>
        <Filename Value="umainform.pas"/>
        <Caret Line="1343" Column="16" TopLine="1327"/>
      </Position23>
      <Position24>
        <Filename Value="umainform.pas"/>
        <Caret Line="621" Column="35" TopLine="587"/>
      </Position24>
      <Position25>
        <Filename Value="umainform.pas"/>
        <Caret Line="3212" Column="1" TopLine="3185"/>
      </Position25>
      <Position26>
        <Filename Value="umainform.pas"/>
        <Caret Line="3455" Column="1" TopLine="3402"/>
      </Position26>
      <Position27>
        <Filename Value="umainform.pas"/>
        <Caret Line="3212" Column="3" TopLine="3185"/>
      </Position27>
      <Position28>
        <Filename Value="umainform.pas"/>
        <Caret Line="598" Column="25" TopLine="594"/>
      </Position28>
      <Position29>
        <Filename Value="umainform.pas"/>
        <Caret Line="3455" Column="1" TopLine="3402"/>
      </Position29>
      <Position30>
        <Filename Value="umainform.pas"/>
        <Caret Line="599" Column="1" TopLine="572"/>
      </Position30>
    </JumpHistory>
  </ProjectOptions>
  <CompilerOptions>
    <Version Value="11"/>
    <Target>
      <Filename Value="golfmlcoursewriterwin64"/>
    </Target>
    <SearchPaths>
      <IncludeFiles Value="$(ProjOutDir)"/>
      <UnitOutputDirectory Value="lib/$(TargetCPU)-$(TargetOS)"/>
    </SearchPaths>
    <CodeGeneration>
      <SmartLinkUnit Value="True"/>
      <Checks>
        <IOChecks Value="True"/>
        <RangeChecks Value="True"/>
        <OverflowChecks Value="True"/>
        <StackChecks Value="True"/>
      </Checks>
      <VerifyObjMethodCallValidity Value="True"/>
      <TargetCPU Value="x86_64"/>
      <TargetOS Value="win64"/>
      <Optimizations>
        <OptimizationLevel Value="3"/>
      </Optimizations>
    </CodeGeneration>
    <Linking>
      <Debugging>
        <DebugInfoType Value="dsDwarf2Set"/>
      </Debugging>
      <Options>
        <Win32>
          <GraphicApplication Value="True"/>
        </Win32>
      </Options>
    </Linking>
    <Other>
      <Verbosity>
        <ShoLineNum Value="True"/>
        <ShowHintsForUnusedUnitsInMainSrc Value="True"/>
      </Verbosity>
      <WriteFPCLogo Value="False"/>
      <CompilerMessages>
        <UseMsgFile Value="True"/>
      </CompilerMessages>
      <CompilerPath Value="$(CompPath)"/>
    </Other>
  </CompilerOptions>
</CONFIG>
